
Microsoft Visual Studio Solution File, Format Version 12.00
# Visual Studio 15
VisualStudioVersion = 15.0.27428.1
MinimumVisualStudioVersion = 10.0.40219.1
Project("{9A19103F-16F7-4668-BE54-9A1E7A4F7556}") = "AngularDemo", "AngularDemo.csproj", "{A57B1A57-0064-4CB7-B820-9F794C4DC534}"
EndProject
Global
	GlobalSection(SolutionConfigurationPlatforms) = preSolution
		Debug|Any CPU = Debug|Any CPU
		Release|Any CPU = Release|Any CPU
	EndGlobalSection
	GlobalSection(ProjectConfigurationPlatforms) = postSolution
		{A57B1A57-0064-4CB7-B820-9F794C4DC534}.Debug|Any CPU.ActiveCfg = Debug|Any CPU
		{A57B1A57-0064-4CB7-B820-9F794C4DC534}.Debug|Any CPU.Build.0 = Debug|Any CPU
		{A57B1A57-0064-4CB7-B820-9F794C4DC534}.Release|Any CPU.ActiveCfg = Release|Any CPU
		{A57B1A57-0064-4CB7-B820-9F794C4DC534}.Release|Any CPU.Build.0 = Release|Any CPU
	EndGlobalSection
	GlobalSection(SolutionProperties) = preSolution
		HideSolutionNode = FALSE
	EndGlobalSection
	GlobalSection(ExtensibilityGlobals) = postSolution
		SolutionGuid = {05DD8BAC-986D-4F9F-8B6E-055E39F7CFF5}
	EndGlobalSection
EndGlobal
